
Microsoft Visual Studio Solution File, Format Version 12.00
# Visual Studio Version 17
VisualStudioVersion = 17.12.35707.178
MinimumVisualStudioVersion = 10.0.40219.1
Project("{FAE04EC0-301F-11D3-BF4B-00C04F79EFBC}") = "AByteOf熊猫Apis", "AByteOf熊猫Apis.csproj", "{210A33C5-DB49-4CBB-83D2-31FBCE0964E9}"
EndProject
Project("{FAE04EC0-301F-11D3-BF4B-00C04F79EFBC}") = "Login", "..\Login\Login.csproj", "{391BE786-2D86-4EE1-918A-5DAB6AE7FF53}"
EndProject
Global
	GlobalSection(SolutionConfigurationPlatforms) = preSolution
		Debug|Any CPU = Debug|Any CPU
		Release|Any CPU = Release|Any CPU
	EndGlobalSection
	GlobalSection(ProjectConfigurationPlatforms) = postSolution
		{210A33C5-DB49-4CBB-83D2-31FBCE0964E9}.Debug|Any CPU.ActiveCfg = Debug|Any CPU
		{210A33C5-DB49-4CBB-83D2-31FBCE0964E9}.Debug|Any CPU.Build.0 = Debug|Any CPU
		{210A33C5-DB49-4CBB-83D2-31FBCE0964E9}.Release|Any CPU.ActiveCfg = Release|Any CPU
		{210A33C5-DB49-4CBB-83D2-31FBCE0964E9}.Release|Any CPU.Build.0 = Release|Any CPU
		{391BE786-2D86-4EE1-918A-5DAB6AE7FF53}.Debug|Any CPU.ActiveCfg = Debug|Any CPU
		{391BE786-2D86-4EE1-918A-5DAB6AE7FF53}.Debug|Any CPU.Build.0 = Debug|Any CPU
		{391BE786-2D86-4EE1-918A-5DAB6AE7FF53}.Release|Any CPU.ActiveCfg = Release|Any CPU
		{391BE786-2D86-4EE1-918A-5DAB6AE7FF53}.Release|Any CPU.Build.0 = Release|Any CPU
	EndGlobalSection
	GlobalSection(SolutionProperties) = preSolution
		HideSolutionNode = FALSE
	EndGlobalSection
EndGlobal
